// !$*UTF8*$!
{
	archiveVersion = 1;
	classes = {
	};
	objectVersion = 46;
	objects = {

/* Begin PBXBuildFile section */
		0F2EC8771A8F5D8E0013A6B2 /* AddPlayersViewController.m in Sources */ = {isa = PBXBuildFile; fileRef = 0F2EC8761A8F5D8E0013A6B2 /* AddPlayersViewController.m */; };
		0F61D5431A8943BE00FF96F0 /* Bolts.framework in Frameworks */ = {isa = PBXBuildFile; fileRef = 0F61D5411A8943BE00FF96F0 /* Bolts.framework */; };
		0F61D5441A8943BE00FF96F0 /* Parse.framework in Frameworks */ = {isa = PBXBuildFile; fileRef = 0F61D5421A8943BE00FF96F0 /* Parse.framework */; };
		0F61D5471A89440800FF96F0 /* Accounts.framework in Frameworks */ = {isa = PBXBuildFile; fileRef = 0F61D5461A89440800FF96F0 /* Accounts.framework */; };
		0F61D5491A89441100FF96F0 /* AudioToolbox.framework in Frameworks */ = {isa = PBXBuildFile; fileRef = 0F61D5481A89441100FF96F0 /* AudioToolbox.framework */; };
		0F61D54B1A89441800FF96F0 /* CFNetwork.framework in Frameworks */ = {isa = PBXBuildFile; fileRef = 0F61D54A1A89441800FF96F0 /* CFNetwork.framework */; };
		0F61D54D1A89442C00FF96F0 /* CoreGraphics.framework in Frameworks */ = {isa = PBXBuildFile; fileRef = 0F61D54C1A89442C00FF96F0 /* CoreGraphics.framework */; };
		0F61D54F1A89443200FF96F0 /* CoreLocation.framework in Frameworks */ = {isa = PBXBuildFile; fileRef = 0F61D54E1A89443200FF96F0 /* CoreLocation.framework */; };
		0F61D5511A89443700FF96F0 /* MobileCoreServices.framework in Frameworks */ = {isa = PBXBuildFile; fileRef = 0F61D5501A89443700FF96F0 /* MobileCoreServices.framework */; };
		0F61D5531A89443C00FF96F0 /* QuartzCore.framework in Frameworks */ = {isa = PBXBuildFile; fileRef = 0F61D5521A89443C00FF96F0 /* QuartzCore.framework */; };
		0F61D5551A89444500FF96F0 /* Security.framework in Frameworks */ = {isa = PBXBuildFile; fileRef = 0F61D5541A89444500FF96F0 /* Security.framework */; };
		0F61D5571A89444900FF96F0 /* Social.framework in Frameworks */ = {isa = PBXBuildFile; fileRef = 0F61D5561A89444900FF96F0 /* Social.framework */; };
		0F61D5591A89444F00FF96F0 /* StoreKit.framework in Frameworks */ = {isa = PBXBuildFile; fileRef = 0F61D5581A89444F00FF96F0 /* StoreKit.framework */; };
		0F61D55B1A89445700FF96F0 /* SystemConfiguration.framework in Frameworks */ = {isa = PBXBuildFile; fileRef = 0F61D55A1A89445700FF96F0 /* SystemConfiguration.framework */; };
		0F61D55D1A89446200FF96F0 /* libz.dylib in Frameworks */ = {isa = PBXBuildFile; fileRef = 0F61D55C1A89446200FF96F0 /* libz.dylib */; };
		0F61D55F1A89446D00FF96F0 /* libsqlite3.dylib in Frameworks */ = {isa = PBXBuildFile; fileRef = 0F61D55E1A89446D00FF96F0 /* libsqlite3.dylib */; };
		0F61D56E1A89C7A600FF96F0 /* GamesViewController.m in Sources */ = {isa = PBXBuildFile; fileRef = 0F61D56D1A89C7A600FF96F0 /* GamesViewController.m */; };
		0F61D5751A89C96300FF96F0 /* LeaderboardViewController.m in Sources */ = {isa = PBXBuildFile; fileRef = 0F61D5741A89C96300FF96F0 /* LeaderboardViewController.m */; };
		0F61D5781A89CABC00FF96F0 /* LoginViewController.m in Sources */ = {isa = PBXBuildFile; fileRef = 0F61D5771A89CABC00FF96F0 /* LoginViewController.m */; };
		0F61D57D1A89CE9700FF96F0 /* UserAchievementsViewController.m in Sources */ = {isa = PBXBuildFile; fileRef = 0F61D57C1A89CE9700FF96F0 /* UserAchievementsViewController.m */; };
		0F61D5801A89D04E00FF96F0 /* AchievementDetailViewController.m in Sources */ = {isa = PBXBuildFile; fileRef = 0F61D57F1A89D04E00FF96F0 /* AchievementDetailViewController.m */; };
		0F61D5831A89D12200FF96F0 /* HomeViewController.m in Sources */ = {isa = PBXBuildFile; fileRef = 0F61D5821A89D12200FF96F0 /* HomeViewController.m */; };
		0F61D5871A89DBA800FF96F0 /* AddFriendsViewController.m in Sources */ = {isa = PBXBuildFile; fileRef = 0F61D5861A89DBA800FF96F0 /* AddFriendsViewController.m */; };
		0FA3EDE61A8F059200FDF764 /* InfoTableViewCell.m in Sources */ = {isa = PBXBuildFile; fileRef = 0FA3EDE51A8F059200FDF764 /* InfoTableViewCell.m */; };
		0FA3EDEA1A8F05D900FDF764 /* SnowTableViewCell.m in Sources */ = {isa = PBXBuildFile; fileRef = 0FA3EDE91A8F05D900FDF764 /* SnowTableViewCell.m */; };
		0FA3EDED1A8F061A00FDF764 /* ModifierTableViewCell.m in Sources */ = {isa = PBXBuildFile; fileRef = 0FA3EDEC1A8F061A00FDF764 /* ModifierTableViewCell.m */; };
		0FA3EDF01A8F062400FDF764 /* PlayerTableViewCell.m in Sources */ = {isa = PBXBuildFile; fileRef = 0FA3EDEF1A8F062400FDF764 /* PlayerTableViewCell.m */; };
		0FA3EDF31A8F089F00FDF764 /* AddAchievementViewController.m in Sources */ = {isa = PBXBuildFile; fileRef = 0FA3EDF21A8F089F00FDF764 /* AddAchievementViewController.m */; };
		0FCD6E8E1A8F3F820074EB1C /* Enum.m in Sources */ = {isa = PBXBuildFile; fileRef = 0FCD6E8D1A8F3F820074EB1C /* Enum.m */; };
		0FCF8ADB1A8BD276006224BB /* ParentTableViewCell.m in Sources */ = {isa = PBXBuildFile; fileRef = 0FCF8AD81A8BD276006224BB /* ParentTableViewCell.m */; };
		0FCF8ADC1A8BD276006224BB /* ParentTableView.m in Sources */ = {isa = PBXBuildFile; fileRef = 0FCF8ADA1A8BD276006224BB /* ParentTableView.m */; };
		0FCF8AE11A8BD298006224BB /* ExpandedContainer.m in Sources */ = {isa = PBXBuildFile; fileRef = 0FCF8ADE1A8BD298006224BB /* ExpandedContainer.m */; };
		0FCF8AE21A8BD298006224BB /* SubTableView.m in Sources */ = {isa = PBXBuildFile; fileRef = 0FCF8AE01A8BD298006224BB /* SubTableView.m */; };
		0FCF8AE71A8BD2EE006224BB /* SubTableViewCell.m in Sources */ = {isa = PBXBuildFile; fileRef = 0FCF8AE61A8BD2EE006224BB /* SubTableViewCell.m */; };
		0FEFE89A1A8A7B810062123D /* User.m in Sources */ = {isa = PBXBuildFile; fileRef = 0FEFE8991A8A7B810062123D /* User.m */; };
		0FEFE89E1A8A7C460062123D /* AchievementViewController.m in Sources */ = {isa = PBXBuildFile; fileRef = 0FEFE89D1A8A7C460062123D /* AchievementViewController.m */; };
		0FEFE8A11A8A7DB50062123D /* Achievement.m in Sources */ = {isa = PBXBuildFile; fileRef = 0FEFE8A01A8A7DB50062123D /* Achievement.m */; };
		0FEFE8A41A8A7ED20062123D /* Game.m in Sources */ = {isa = PBXBuildFile; fileRef = 0FEFE8A31A8A7ED20062123D /* Game.m */; };
		0FEFE8A71A8A897E0062123D /* AddGameTableViewController.m in Sources */ = {isa = PBXBuildFile; fileRef = 0FEFE8A61A8A897E0062123D /* AddGameTableViewController.m */; };
		0FEFE8A91A8A9F210062123D /* Main.storyboard in Resources */ = {isa = PBXBuildFile; fileRef = 0FEFE8A81A8A9F210062123D /* Main.storyboard */; };
		0FEFE8AC1A8AC7460062123D /* Score.m in Sources */ = {isa = PBXBuildFile; fileRef = 0FEFE8AB1A8AC7460062123D /* Score.m */; };
		606B716E1A894047004DDAB1 /* main.m in Sources */ = {isa = PBXBuildFile; fileRef = 606B716D1A894047004DDAB1 /* main.m */; };
		606B71711A894047004DDAB1 /* AppDelegate.m in Sources */ = {isa = PBXBuildFile; fileRef = 606B71701A894047004DDAB1 /* AppDelegate.m */; };
		606B71791A894048004DDAB1 /* Images.xcassets in Resources */ = {isa = PBXBuildFile; fileRef = 606B71781A894048004DDAB1 /* Images.xcassets */; };
		606B717C1A894048004DDAB1 /* LaunchScreen.xib in Resources */ = {isa = PBXBuildFile; fileRef = 606B717A1A894048004DDAB1 /* LaunchScreen.xib */; };
		606B71881A894048004DDAB1 /* GNARTests.m in Sources */ = {isa = PBXBuildFile; fileRef = 606B71871A894048004DDAB1 /* GNARTests.m */; };
		606B71921A894F19004DDAB1 /* FacebookSDK.framework in Frameworks */ = {isa = PBXBuildFile; fileRef = 606B71911A894F19004DDAB1 /* FacebookSDK.framework */; };
		60A1E8D21A8D19E900CD2587 /* CustomTabBarController.m in Sources */ = {isa = PBXBuildFile; fileRef = 60A1E8D11A8D19E800CD2587 /* CustomTabBarController.m */; };
		60E5617E1A8EFA7200D81C48 /* AchievementDetailTableView.m in Sources */ = {isa = PBXBuildFile; fileRef = 60E5617D1A8EFA7200D81C48 /* AchievementDetailTableView.m */; };
		60EA882D1A896003004B6BF7 /* ParseFacebookUtils.framework in Frameworks */ = {isa = PBXBuildFile; fileRef = 60EA882C1A896003004B6BF7 /* ParseFacebookUtils.framework */; };
		60EA88301A8990B6004B6BF7 /* Comms.m in Sources */ = {isa = PBXBuildFile; fileRef = 60EA882F1A8990B5004B6BF7 /* Comms.m */; };
		60EA88331A89E66C004B6BF7 /* SignUpViewController.m in Sources */ = {isa = PBXBuildFile; fileRef = 60EA88321A89E66C004B6BF7 /* SignUpViewController.m */; };
/* End PBXBuildFile section */

/* Begin PBXContainerItemProxy section */
		606B71821A894048004DDAB1 /* PBXContainerItemProxy */ = {
			isa = PBXContainerItemProxy;
			containerPortal = 606B71601A894047004DDAB1 /* Project object */;
			proxyType = 1;
			remoteGlobalIDString = 606B71671A894047004DDAB1;
			remoteInfo = GNAR;
		};
/* End PBXContainerItemProxy section */

/* Begin PBXFileReference section */
		0F2EC8751A8F5D8E0013A6B2 /* AddPlayersViewController.h */ = {isa = PBXFileReference; fileEncoding = 4; lastKnownFileType = sourcecode.c.h; path = AddPlayersViewController.h; sourceTree = "<group>"; };
		0F2EC8761A8F5D8E0013A6B2 /* AddPlayersViewController.m */ = {isa = PBXFileReference; fileEncoding = 4; lastKnownFileType = sourcecode.c.objc; path = AddPlayersViewController.m; sourceTree = "<group>"; };
		0F61D5411A8943BE00FF96F0 /* Bolts.framework */ = {isa = PBXFileReference; lastKnownFileType = wrapper.framework; path = Bolts.framework; sourceTree = "<group>"; };
		0F61D5421A8943BE00FF96F0 /* Parse.framework */ = {isa = PBXFileReference; lastKnownFileType = wrapper.framework; path = Parse.framework; sourceTree = "<group>"; };
		0F61D5461A89440800FF96F0 /* Accounts.framework */ = {isa = PBXFileReference; lastKnownFileType = wrapper.framework; name = Accounts.framework; path = System/Library/Frameworks/Accounts.framework; sourceTree = SDKROOT; };
		0F61D5481A89441100FF96F0 /* AudioToolbox.framework */ = {isa = PBXFileReference; lastKnownFileType = wrapper.framework; name = AudioToolbox.framework; path = System/Library/Frameworks/AudioToolbox.framework; sourceTree = SDKROOT; };
		0F61D54A1A89441800FF96F0 /* CFNetwork.framework */ = {isa = PBXFileReference; lastKnownFileType = wrapper.framework; name = CFNetwork.framework; path = System/Library/Frameworks/CFNetwork.framework; sourceTree = SDKROOT; };
		0F61D54C1A89442C00FF96F0 /* CoreGraphics.framework */ = {isa = PBXFileReference; lastKnownFileType = wrapper.framework; name = CoreGraphics.framework; path = System/Library/Frameworks/CoreGraphics.framework; sourceTree = SDKROOT; };
		0F61D54E1A89443200FF96F0 /* CoreLocation.framework */ = {isa = PBXFileReference; lastKnownFileType = wrapper.framework; name = CoreLocation.framework; path = System/Library/Frameworks/CoreLocation.framework; sourceTree = SDKROOT; };
		0F61D5501A89443700FF96F0 /* MobileCoreServices.framework */ = {isa = PBXFileReference; lastKnownFileType = wrapper.framework; name = MobileCoreServices.framework; path = System/Library/Frameworks/MobileCoreServices.framework; sourceTree = SDKROOT; };
		0F61D5521A89443C00FF96F0 /* QuartzCore.framework */ = {isa = PBXFileReference; lastKnownFileType = wrapper.framework; name = QuartzCore.framework; path = System/Library/Frameworks/QuartzCore.framework; sourceTree = SDKROOT; };
		0F61D5541A89444500FF96F0 /* Security.framework */ = {isa = PBXFileReference; lastKnownFileType = wrapper.framework; name = Security.framework; path = System/Library/Frameworks/Security.framework; sourceTree = SDKROOT; };
		0F61D5561A89444900FF96F0 /* Social.framework */ = {isa = PBXFileReference; lastKnownFileType = wrapper.framework; name = Social.framework; path = System/Library/Frameworks/Social.framework; sourceTree = SDKROOT; };
		0F61D5581A89444F00FF96F0 /* StoreKit.framework */ = {isa = PBXFileReference; lastKnownFileType = wrapper.framework; name = StoreKit.framework; path = System/Library/Frameworks/StoreKit.framework; sourceTree = SDKROOT; };
		0F61D55A1A89445700FF96F0 /* SystemConfiguration.framework */ = {isa = PBXFileReference; lastKnownFileType = wrapper.framework; name = SystemConfiguration.framework; path = System/Library/Frameworks/SystemConfiguration.framework; sourceTree = SDKROOT; };
		0F61D55C1A89446200FF96F0 /* libz.dylib */ = {isa = PBXFileReference; lastKnownFileType = "compiled.mach-o.dylib"; name = libz.dylib; path = usr/lib/libz.dylib; sourceTree = SDKROOT; };
		0F61D55E1A89446D00FF96F0 /* libsqlite3.dylib */ = {isa = PBXFileReference; lastKnownFileType = "compiled.mach-o.dylib"; name = libsqlite3.dylib; path = usr/lib/libsqlite3.dylib; sourceTree = SDKROOT; };
		0F61D56C1A89C7A600FF96F0 /* GamesViewController.h */ = {isa = PBXFileReference; fileEncoding = 4; lastKnownFileType = sourcecode.c.h; path = GamesViewController.h; sourceTree = "<group>"; };
		0F61D56D1A89C7A600FF96F0 /* GamesViewController.m */ = {isa = PBXFileReference; fileEncoding = 4; lastKnownFileType = sourcecode.c.objc; path = GamesViewController.m; sourceTree = "<group>"; };
		0F61D5731A89C96300FF96F0 /* LeaderboardViewController.h */ = {isa = PBXFileReference; fileEncoding = 4; lastKnownFileType = sourcecode.c.h; path = LeaderboardViewController.h; sourceTree = "<group>"; };
		0F61D5741A89C96300FF96F0 /* LeaderboardViewController.m */ = {isa = PBXFileReference; fileEncoding = 4; lastKnownFileType = sourcecode.c.objc; path = LeaderboardViewController.m; sourceTree = "<group>"; };
		0F61D5761A89CABC00FF96F0 /* LoginViewController.h */ = {isa = PBXFileReference; fileEncoding = 4; lastKnownFileType = sourcecode.c.h; path = LoginViewController.h; sourceTree = "<group>"; };
		0F61D5771A89CABC00FF96F0 /* LoginViewController.m */ = {isa = PBXFileReference; fileEncoding = 4; lastKnownFileType = sourcecode.c.objc; path = LoginViewController.m; sourceTree = "<group>"; };
		0F61D57B1A89CE9700FF96F0 /* UserAchievementsViewController.h */ = {isa = PBXFileReference; fileEncoding = 4; lastKnownFileType = sourcecode.c.h; path = UserAchievementsViewController.h; sourceTree = "<group>"; };
		0F61D57C1A89CE9700FF96F0 /* UserAchievementsViewController.m */ = {isa = PBXFileReference; fileEncoding = 4; lastKnownFileType = sourcecode.c.objc; path = UserAchievementsViewController.m; sourceTree = "<group>"; };
		0F61D57E1A89D04E00FF96F0 /* AchievementDetailViewController.h */ = {isa = PBXFileReference; fileEncoding = 4; lastKnownFileType = sourcecode.c.h; path = AchievementDetailViewController.h; sourceTree = "<group>"; };
		0F61D57F1A89D04E00FF96F0 /* AchievementDetailViewController.m */ = {isa = PBXFileReference; fileEncoding = 4; lastKnownFileType = sourcecode.c.objc; path = AchievementDetailViewController.m; sourceTree = "<group>"; };
		0F61D5811A89D12200FF96F0 /* HomeViewController.h */ = {isa = PBXFileReference; fileEncoding = 4; lastKnownFileType = sourcecode.c.h; path = HomeViewController.h; sourceTree = "<group>"; };
		0F61D5821A89D12200FF96F0 /* HomeViewController.m */ = {isa = PBXFileReference; fileEncoding = 4; lastKnownFileType = sourcecode.c.objc; path = HomeViewController.m; sourceTree = "<group>"; };
		0F61D5851A89DBA800FF96F0 /* AddFriendsViewController.h */ = {isa = PBXFileReference; fileEncoding = 4; lastKnownFileType = sourcecode.c.h; path = AddFriendsViewController.h; sourceTree = "<group>"; };
		0F61D5861A89DBA800FF96F0 /* AddFriendsViewController.m */ = {isa = PBXFileReference; fileEncoding = 4; lastKnownFileType = sourcecode.c.objc; path = AddFriendsViewController.m; sourceTree = "<group>"; };
		0FA3EDE41A8F059200FDF764 /* InfoTableViewCell.h */ = {isa = PBXFileReference; fileEncoding = 4; lastKnownFileType = sourcecode.c.h; path = InfoTableViewCell.h; sourceTree = "<group>"; };
		0FA3EDE51A8F059200FDF764 /* InfoTableViewCell.m */ = {isa = PBXFileReference; fileEncoding = 4; lastKnownFileType = sourcecode.c.objc; path = InfoTableViewCell.m; sourceTree = "<group>"; };
		0FA3EDE81A8F05D900FDF764 /* SnowTableViewCell.h */ = {isa = PBXFileReference; fileEncoding = 4; lastKnownFileType = sourcecode.c.h; path = SnowTableViewCell.h; sourceTree = "<group>"; };
		0FA3EDE91A8F05D900FDF764 /* SnowTableViewCell.m */ = {isa = PBXFileReference; fileEncoding = 4; lastKnownFileType = sourcecode.c.objc; path = SnowTableViewCell.m; sourceTree = "<group>"; };
		0FA3EDEB1A8F061A00FDF764 /* ModifierTableViewCell.h */ = {isa = PBXFileReference; fileEncoding = 4; lastKnownFileType = sourcecode.c.h; path = ModifierTableViewCell.h; sourceTree = "<group>"; };
		0FA3EDEC1A8F061A00FDF764 /* ModifierTableViewCell.m */ = {isa = PBXFileReference; fileEncoding = 4; lastKnownFileType = sourcecode.c.objc; path = ModifierTableViewCell.m; sourceTree = "<group>"; };
		0FA3EDEE1A8F062400FDF764 /* PlayerTableViewCell.h */ = {isa = PBXFileReference; fileEncoding = 4; lastKnownFileType = sourcecode.c.h; path = PlayerTableViewCell.h; sourceTree = "<group>"; };
		0FA3EDEF1A8F062400FDF764 /* PlayerTableViewCell.m */ = {isa = PBXFileReference; fileEncoding = 4; lastKnownFileType = sourcecode.c.objc; path = PlayerTableViewCell.m; sourceTree = "<group>"; };
		0FA3EDF11A8F089F00FDF764 /* AddAchievementViewController.h */ = {isa = PBXFileReference; fileEncoding = 4; lastKnownFileType = sourcecode.c.h; path = AddAchievementViewController.h; sourceTree = "<group>"; };
		0FA3EDF21A8F089F00FDF764 /* AddAchievementViewController.m */ = {isa = PBXFileReference; fileEncoding = 4; lastKnownFileType = sourcecode.c.objc; path = AddAchievementViewController.m; sourceTree = "<group>"; };
		0FCD6E8C1A8F3F820074EB1C /* Enum.h */ = {isa = PBXFileReference; fileEncoding = 4; lastKnownFileType = sourcecode.c.h; path = Enum.h; sourceTree = "<group>"; };
		0FCD6E8D1A8F3F820074EB1C /* Enum.m */ = {isa = PBXFileReference; fileEncoding = 4; lastKnownFileType = sourcecode.c.objc; path = Enum.m; sourceTree = "<group>"; };
		0FCF8AD71A8BD276006224BB /* ParentTableViewCell.h */ = {isa = PBXFileReference; fileEncoding = 4; lastKnownFileType = sourcecode.c.h; name = ParentTableViewCell.h; path = SubTable/ParentCell/ParentTableViewCell.h; sourceTree = "<group>"; };
		0FCF8AD81A8BD276006224BB /* ParentTableViewCell.m */ = {isa = PBXFileReference; fileEncoding = 4; lastKnownFileType = sourcecode.c.objc; name = ParentTableViewCell.m; path = SubTable/ParentCell/ParentTableViewCell.m; sourceTree = "<group>"; };
		0FCF8AD91A8BD276006224BB /* ParentTableView.h */ = {isa = PBXFileReference; fileEncoding = 4; lastKnownFileType = sourcecode.c.h; name = ParentTableView.h; path = SubTable/ParentTableView.h; sourceTree = "<group>"; };
		0FCF8ADA1A8BD276006224BB /* ParentTableView.m */ = {isa = PBXFileReference; fileEncoding = 4; lastKnownFileType = sourcecode.c.objc; name = ParentTableView.m; path = SubTable/ParentTableView.m; sourceTree = "<group>"; };
		0FCF8ADD1A8BD298006224BB /* ExpandedContainer.h */ = {isa = PBXFileReference; fileEncoding = 4; lastKnownFileType = sourcecode.c.h; name = ExpandedContainer.h; path = SubTable/SubRow/ExpandedContainer.h; sourceTree = "<group>"; };
		0FCF8ADE1A8BD298006224BB /* ExpandedContainer.m */ = {isa = PBXFileReference; fileEncoding = 4; lastKnownFileType = sourcecode.c.objc; name = ExpandedContainer.m; path = SubTable/SubRow/ExpandedContainer.m; sourceTree = "<group>"; };
		0FCF8ADF1A8BD298006224BB /* SubTableView.h */ = {isa = PBXFileReference; fileEncoding = 4; lastKnownFileType = sourcecode.c.h; name = SubTableView.h; path = SubTable/SubRow/SubTableView.h; sourceTree = "<group>"; };
		0FCF8AE01A8BD298006224BB /* SubTableView.m */ = {isa = PBXFileReference; fileEncoding = 4; lastKnownFileType = sourcecode.c.objc; name = SubTableView.m; path = SubTable/SubRow/SubTableView.m; sourceTree = "<group>"; };
		0FCF8AE51A8BD2EE006224BB /* SubTableViewCell.h */ = {isa = PBXFileReference; fileEncoding = 4; lastKnownFileType = sourcecode.c.h; name = SubTableViewCell.h; path = SubTable/SubRow/ChildCell/SubTableViewCell.h; sourceTree = "<group>"; };
		0FCF8AE61A8BD2EE006224BB /* SubTableViewCell.m */ = {isa = PBXFileReference; fileEncoding = 4; lastKnownFileType = sourcecode.c.objc; name = SubTableViewCell.m; path = SubTable/SubRow/ChildCell/SubTableViewCell.m; sourceTree = "<group>"; };
		0FEFE8981A8A7B810062123D /* User.h */ = {isa = PBXFileReference; fileEncoding = 4; lastKnownFileType = sourcecode.c.h; path = User.h; sourceTree = "<group>"; };
		0FEFE8991A8A7B810062123D /* User.m */ = {isa = PBXFileReference; fileEncoding = 4; lastKnownFileType = sourcecode.c.objc; path = User.m; sourceTree = "<group>"; };
		0FEFE89C1A8A7C460062123D /* AchievementViewController.h */ = {isa = PBXFileReference; fileEncoding = 4; lastKnownFileType = sourcecode.c.h; path = AchievementViewController.h; sourceTree = "<group>"; };
		0FEFE89D1A8A7C460062123D /* AchievementViewController.m */ = {isa = PBXFileReference; fileEncoding = 4; lastKnownFileType = sourcecode.c.objc; path = AchievementViewController.m; sourceTree = "<group>"; };
		0FEFE89F1A8A7DB50062123D /* Achievement.h */ = {isa = PBXFileReference; fileEncoding = 4; lastKnownFileType = sourcecode.c.h; path = Achievement.h; sourceTree = "<group>"; };
		0FEFE8A01A8A7DB50062123D /* Achievement.m */ = {isa = PBXFileReference; fileEncoding = 4; lastKnownFileType = sourcecode.c.objc; path = Achievement.m; sourceTree = "<group>"; };
		0FEFE8A21A8A7ED20062123D /* Game.h */ = {isa = PBXFileReference; fileEncoding = 4; lastKnownFileType = sourcecode.c.h; path = Game.h; sourceTree = "<group>"; };
		0FEFE8A31A8A7ED20062123D /* Game.m */ = {isa = PBXFileReference; fileEncoding = 4; lastKnownFileType = sourcecode.c.objc; path = Game.m; sourceTree = "<group>"; };
		0FEFE8A51A8A897E0062123D /* AddGameTableViewController.h */ = {isa = PBXFileReference; fileEncoding = 4; lastKnownFileType = sourcecode.c.h; path = AddGameTableViewController.h; sourceTree = "<group>"; };
		0FEFE8A61A8A897E0062123D /* AddGameTableViewController.m */ = {isa = PBXFileReference; fileEncoding = 4; lastKnownFileType = sourcecode.c.objc; path = AddGameTableViewController.m; sourceTree = "<group>"; };
		0FEFE8A81A8A9F210062123D /* Main.storyboard */ = {isa = PBXFileReference; fileEncoding = 4; lastKnownFileType = file.storyboard; path = Main.storyboard; sourceTree = "<group>"; };
		0FEFE8AA1A8AC7460062123D /* Score.h */ = {isa = PBXFileReference; fileEncoding = 4; lastKnownFileType = sourcecode.c.h; path = Score.h; sourceTree = "<group>"; };
		0FEFE8AB1A8AC7460062123D /* Score.m */ = {isa = PBXFileReference; fileEncoding = 4; lastKnownFileType = sourcecode.c.objc; path = Score.m; sourceTree = "<group>"; };
		606B71681A894047004DDAB1 /* GNAR.app */ = {isa = PBXFileReference; explicitFileType = wrapper.application; includeInIndex = 0; path = GNAR.app; sourceTree = BUILT_PRODUCTS_DIR; };
		606B716C1A894047004DDAB1 /* Info.plist */ = {isa = PBXFileReference; lastKnownFileType = text.plist.xml; path = Info.plist; sourceTree = "<group>"; };
		606B716D1A894047004DDAB1 /* main.m */ = {isa = PBXFileReference; lastKnownFileType = sourcecode.c.objc; path = main.m; sourceTree = "<group>"; };
		606B716F1A894047004DDAB1 /* AppDelegate.h */ = {isa = PBXFileReference; lastKnownFileType = sourcecode.c.h; path = AppDelegate.h; sourceTree = "<group>"; };
		606B71701A894047004DDAB1 /* AppDelegate.m */ = {isa = PBXFileReference; lastKnownFileType = sourcecode.c.objc; path = AppDelegate.m; sourceTree = "<group>"; };
		606B71781A894048004DDAB1 /* Images.xcassets */ = {isa = PBXFileReference; lastKnownFileType = folder.assetcatalog; path = Images.xcassets; sourceTree = "<group>"; };
		606B717B1A894048004DDAB1 /* Base */ = {isa = PBXFileReference; lastKnownFileType = file.xib; name = Base; path = Base.lproj/LaunchScreen.xib; sourceTree = "<group>"; };
		606B71811A894048004DDAB1 /* GNARTests.xctest */ = {isa = PBXFileReference; explicitFileType = wrapper.cfbundle; includeInIndex = 0; path = GNARTests.xctest; sourceTree = BUILT_PRODUCTS_DIR; };
		606B71861A894048004DDAB1 /* Info.plist */ = {isa = PBXFileReference; lastKnownFileType = text.plist.xml; path = Info.plist; sourceTree = "<group>"; };
		606B71871A894048004DDAB1 /* GNARTests.m */ = {isa = PBXFileReference; lastKnownFileType = sourcecode.c.objc; path = GNARTests.m; sourceTree = "<group>"; };
		606B71911A894F19004DDAB1 /* FacebookSDK.framework */ = {isa = PBXFileReference; lastKnownFileType = wrapper.framework; path = FacebookSDK.framework; sourceTree = "<group>"; };
		60A1E8D01A8D19E800CD2587 /* CustomTabBarController.h */ = {isa = PBXFileReference; fileEncoding = 4; lastKnownFileType = sourcecode.c.h; path = CustomTabBarController.h; sourceTree = "<group>"; };
		60A1E8D11A8D19E800CD2587 /* CustomTabBarController.m */ = {isa = PBXFileReference; fileEncoding = 4; lastKnownFileType = sourcecode.c.objc; path = CustomTabBarController.m; sourceTree = "<group>"; };
		60E5617C1A8EFA7200D81C48 /* AchievementDetailTableView.h */ = {isa = PBXFileReference; fileEncoding = 4; lastKnownFileType = sourcecode.c.h; path = AchievementDetailTableView.h; sourceTree = "<group>"; };
		60E5617D1A8EFA7200D81C48 /* AchievementDetailTableView.m */ = {isa = PBXFileReference; fileEncoding = 4; lastKnownFileType = sourcecode.c.objc; path = AchievementDetailTableView.m; sourceTree = "<group>"; };
		60EA882C1A896003004B6BF7 /* ParseFacebookUtils.framework */ = {isa = PBXFileReference; lastKnownFileType = wrapper.framework; path = ParseFacebookUtils.framework; sourceTree = "<group>"; };
		60EA882E1A8990B5004B6BF7 /* Comms.h */ = {isa = PBXFileReference; fileEncoding = 4; lastKnownFileType = sourcecode.c.h; path = Comms.h; sourceTree = "<group>"; };
		60EA882F1A8990B5004B6BF7 /* Comms.m */ = {isa = PBXFileReference; fileEncoding = 4; lastKnownFileType = sourcecode.c.objc; path = Comms.m; sourceTree = "<group>"; };
		60EA88311A89E66C004B6BF7 /* SignUpViewController.h */ = {isa = PBXFileReference; fileEncoding = 4; lastKnownFileType = sourcecode.c.h; path = SignUpViewController.h; sourceTree = "<group>"; };
		60EA88321A89E66C004B6BF7 /* SignUpViewController.m */ = {isa = PBXFileReference; fileEncoding = 4; lastKnownFileType = sourcecode.c.objc; path = SignUpViewController.m; sourceTree = "<group>"; };
/* End PBXFileReference section */

/* Begin PBXFrameworksBuildPhase section */
		606B71651A894047004DDAB1 /* Frameworks */ = {
			isa = PBXFrameworksBuildPhase;
			buildActionMask = 2147483647;
			files = (
				0F61D55F1A89446D00FF96F0 /* libsqlite3.dylib in Frameworks */,
				0F61D55D1A89446200FF96F0 /* libz.dylib in Frameworks */,
				0F61D55B1A89445700FF96F0 /* SystemConfiguration.framework in Frameworks */,
				0F61D5591A89444F00FF96F0 /* StoreKit.framework in Frameworks */,
				0F61D5571A89444900FF96F0 /* Social.framework in Frameworks */,
				60EA882D1A896003004B6BF7 /* ParseFacebookUtils.framework in Frameworks */,
				0F61D5551A89444500FF96F0 /* Security.framework in Frameworks */,
				0F61D5531A89443C00FF96F0 /* QuartzCore.framework in Frameworks */,
				0F61D5511A89443700FF96F0 /* MobileCoreServices.framework in Frameworks */,
				0F61D54F1A89443200FF96F0 /* CoreLocation.framework in Frameworks */,
				0F61D54D1A89442C00FF96F0 /* CoreGraphics.framework in Frameworks */,
				0F61D54B1A89441800FF96F0 /* CFNetwork.framework in Frameworks */,
				0F61D5491A89441100FF96F0 /* AudioToolbox.framework in Frameworks */,
				0F61D5471A89440800FF96F0 /* Accounts.framework in Frameworks */,
				606B71921A894F19004DDAB1 /* FacebookSDK.framework in Frameworks */,
				0F61D5441A8943BE00FF96F0 /* Parse.framework in Frameworks */,
				0F61D5431A8943BE00FF96F0 /* Bolts.framework in Frameworks */,
			);
			runOnlyForDeploymentPostprocessing = 0;
		};
		606B717E1A894048004DDAB1 /* Frameworks */ = {
			isa = PBXFrameworksBuildPhase;
			buildActionMask = 2147483647;
			files = (
			);
			runOnlyForDeploymentPostprocessing = 0;
		};
/* End PBXFrameworksBuildPhase section */

/* Begin PBXGroup section */
		0F61D5401A89434000FF96F0 /* Storyboard */ = {
			isa = PBXGroup;
			children = (
				0FEFE8A81A8A9F210062123D /* Main.storyboard */,
			);
			name = Storyboard;
			sourceTree = "<group>";
		};
		0F61D5451A8943C400FF96F0 /* Frameworks */ = {
			isa = PBXGroup;
			children = (
				60EA882C1A896003004B6BF7 /* ParseFacebookUtils.framework */,
				606B71911A894F19004DDAB1 /* FacebookSDK.framework */,
				0F61D55E1A89446D00FF96F0 /* libsqlite3.dylib */,
				0F61D55C1A89446200FF96F0 /* libz.dylib */,
				0F61D55A1A89445700FF96F0 /* SystemConfiguration.framework */,
				0F61D5581A89444F00FF96F0 /* StoreKit.framework */,
				0F61D5561A89444900FF96F0 /* Social.framework */,
				0F61D5541A89444500FF96F0 /* Security.framework */,
				0F61D5521A89443C00FF96F0 /* QuartzCore.framework */,
				0F61D5501A89443700FF96F0 /* MobileCoreServices.framework */,
				0F61D54E1A89443200FF96F0 /* CoreLocation.framework */,
				0F61D54C1A89442C00FF96F0 /* CoreGraphics.framework */,
				0F61D54A1A89441800FF96F0 /* CFNetwork.framework */,
				0F61D5481A89441100FF96F0 /* AudioToolbox.framework */,
				0F61D5461A89440800FF96F0 /* Accounts.framework */,
				0F61D5411A8943BE00FF96F0 /* Bolts.framework */,
				0F61D5421A8943BE00FF96F0 /* Parse.framework */,
			);
			name = Frameworks;
			sourceTree = "<group>";
		};
		0F61D56F1A89C7B700FF96F0 /* Games */ = {
			isa = PBXGroup;
			children = (
				0F61D56C1A89C7A600FF96F0 /* GamesViewController.h */,
				0F61D56D1A89C7A600FF96F0 /* GamesViewController.m */,
				0FEFE8A51A8A897E0062123D /* AddGameTableViewController.h */,
				0FEFE8A61A8A897E0062123D /* AddGameTableViewController.m */,
				0F61D5851A89DBA800FF96F0 /* AddFriendsViewController.h */,
				0F61D5861A89DBA800FF96F0 /* AddFriendsViewController.m */,
			);
			name = Games;
			sourceTree = "<group>";
		};
		0F61D5701A89C7D100FF96F0 /* Achievements */ = {
			isa = PBXGroup;
			children = (
				0FEFE89C1A8A7C460062123D /* AchievementViewController.h */,
				0FEFE89D1A8A7C460062123D /* AchievementViewController.m */,
				0F61D57E1A89D04E00FF96F0 /* AchievementDetailViewController.h */,
				0F61D57F1A89D04E00FF96F0 /* AchievementDetailViewController.m */,
				0FA3EDF11A8F089F00FDF764 /* AddAchievementViewController.h */,
				0FA3EDF21A8F089F00FDF764 /* AddAchievementViewController.m */,
				0F2EC8751A8F5D8E0013A6B2 /* AddPlayersViewController.h */,
				0F2EC8761A8F5D8E0013A6B2 /* AddPlayersViewController.m */,
			);
			name = Achievements;
			sourceTree = "<group>";
		};
		0F61D5711A89C7F000FF96F0 /* Other */ = {
			isa = PBXGroup;
			children = (
				0FCF8AE91A8BD313006224BB /* SubTable */,
				606B716F1A894047004DDAB1 /* AppDelegate.h */,
				606B71701A894047004DDAB1 /* AppDelegate.m */,
				60EA882E1A8990B5004B6BF7 /* Comms.h */,
				60EA882F1A8990B5004B6BF7 /* Comms.m */,
			);
			name = Other;
			sourceTree = "<group>";
		};
		0F61D5791A89CAD500FF96F0 /* Sign Up/Login */ = {
			isa = PBXGroup;
			children = (
				0F61D5761A89CABC00FF96F0 /* LoginViewController.h */,
				0F61D5771A89CABC00FF96F0 /* LoginViewController.m */,
				60EA88311A89E66C004B6BF7 /* SignUpViewController.h */,
				60EA88321A89E66C004B6BF7 /* SignUpViewController.m */,
			);
			name = "Sign Up/Login";
			sourceTree = "<group>";
		};
		0F61D57A1A89CB0A00FF96F0 /* Controllers */ = {
			isa = PBXGroup;
			children = (
				60A1E8D31A8D1A9000CD2587 /* Tab Bar Controller */,
				0F61D5841A89D12600FF96F0 /* Home */,
				0F61D5791A89CAD500FF96F0 /* Sign Up/Login */,
				0F61D56F1A89C7B700FF96F0 /* Games */,
				0FCAA4351A8EA386002430F7 /* Scores */,
				0F61D5701A89C7D100FF96F0 /* Achievements */,
			);
			name = Controllers;
			sourceTree = "<group>";
		};
		0F61D5841A89D12600FF96F0 /* Home */ = {
			isa = PBXGroup;
			children = (
				0F61D5811A89D12200FF96F0 /* HomeViewController.h */,
				0F61D5821A89D12200FF96F0 /* HomeViewController.m */,
			);
			name = Home;
			sourceTree = "<group>";
		};
		0FA3EDE71A8F059800FDF764 /* Custom Cells */ = {
			isa = PBXGroup;
			children = (
				0FA3EDE41A8F059200FDF764 /* InfoTableViewCell.h */,
				0FA3EDE51A8F059200FDF764 /* InfoTableViewCell.m */,
				0FA3EDE81A8F05D900FDF764 /* SnowTableViewCell.h */,
				0FA3EDE91A8F05D900FDF764 /* SnowTableViewCell.m */,
				0FA3EDEB1A8F061A00FDF764 /* ModifierTableViewCell.h */,
				0FA3EDEC1A8F061A00FDF764 /* ModifierTableViewCell.m */,
				0FA3EDEE1A8F062400FDF764 /* PlayerTableViewCell.h */,
				0FA3EDEF1A8F062400FDF764 /* PlayerTableViewCell.m */,
			);
			name = "Custom Cells";
			sourceTree = "<group>";
		};
		0FCAA4351A8EA386002430F7 /* Scores */ = {
			isa = PBXGroup;
			children = (
				0F61D5731A89C96300FF96F0 /* LeaderboardViewController.h */,
				0F61D5741A89C96300FF96F0 /* LeaderboardViewController.m */,
				0F61D57B1A89CE9700FF96F0 /* UserAchievementsViewController.h */,
				0F61D57C1A89CE9700FF96F0 /* UserAchievementsViewController.m */,
			);
			name = Scores;
			sourceTree = "<group>";
		};
		0FCF8AE31A8BD2A1006224BB /* SubRow */ = {
			isa = PBXGroup;
			children = (
				0FCF8AE81A8BD2F3006224BB /* ChildCell */,
				0FCF8ADD1A8BD298006224BB /* ExpandedContainer.h */,
				0FCF8ADE1A8BD298006224BB /* ExpandedContainer.m */,
				0FCF8ADF1A8BD298006224BB /* SubTableView.h */,
				0FCF8AE01A8BD298006224BB /* SubTableView.m */,
				60E5617C1A8EFA7200D81C48 /* AchievementDetailTableView.h */,
				60E5617D1A8EFA7200D81C48 /* AchievementDetailTableView.m */,
			);
			name = SubRow;
			sourceTree = "<group>";
		};
		0FCF8AE41A8BD2B1006224BB /* ParentCell */ = {
			isa = PBXGroup;
			children = (
				0FCF8AD71A8BD276006224BB /* ParentTableViewCell.h */,
				0FCF8AD81A8BD276006224BB /* ParentTableViewCell.m */,
			);
			name = ParentCell;
			sourceTree = "<group>";
		};
		0FCF8AE81A8BD2F3006224BB /* ChildCell */ = {
			isa = PBXGroup;
			children = (
				0FCF8AE51A8BD2EE006224BB /* SubTableViewCell.h */,
				0FCF8AE61A8BD2EE006224BB /* SubTableViewCell.m */,
			);
			name = ChildCell;
			sourceTree = "<group>";
		};
		0FCF8AE91A8BD313006224BB /* SubTable */ = {
			isa = PBXGroup;
			children = (
				0FA3EDE71A8F059800FDF764 /* Custom Cells */,
				0FCF8AE41A8BD2B1006224BB /* ParentCell */,
				0FCF8AD91A8BD276006224BB /* ParentTableView.h */,
				0FCF8ADA1A8BD276006224BB /* ParentTableView.m */,
				0FCF8AE31A8BD2A1006224BB /* SubRow */,
			);
			name = SubTable;
			sourceTree = "<group>";
		};
		0FEFE89B1A8A7B8C0062123D /* Models */ = {
			isa = PBXGroup;
			children = (
				0FEFE8981A8A7B810062123D /* User.h */,
				0FEFE8991A8A7B810062123D /* User.m */,
				0FEFE89F1A8A7DB50062123D /* Achievement.h */,
				0FEFE8A01A8A7DB50062123D /* Achievement.m */,
				0FEFE8A21A8A7ED20062123D /* Game.h */,
				0FEFE8A31A8A7ED20062123D /* Game.m */,
				0FEFE8AA1A8AC7460062123D /* Score.h */,
				0FEFE8AB1A8AC7460062123D /* Score.m */,
				0FCD6E8C1A8F3F820074EB1C /* Enum.h */,
				0FCD6E8D1A8F3F820074EB1C /* Enum.m */,
			);
			name = Models;
			sourceTree = "<group>";
		};
		606B715F1A894047004DDAB1 = {
			isa = PBXGroup;
			children = (
				606B716A1A894047004DDAB1 /* GNAR */,
				606B71841A894048004DDAB1 /* GNARTests */,
				606B71691A894047004DDAB1 /* Products */,
				0F61D5451A8943C400FF96F0 /* Frameworks */,
			);
			sourceTree = "<group>";
		};
		606B71691A894047004DDAB1 /* Products */ = {
			isa = PBXGroup;
			children = (
				606B71681A894047004DDAB1 /* GNAR.app */,
				606B71811A894048004DDAB1 /* GNARTests.xctest */,
			);
			name = Products;
			sourceTree = "<group>";
		};
		606B716A1A894047004DDAB1 /* GNAR */ = {
			isa = PBXGroup;
			children = (
				0F61D5401A89434000FF96F0 /* Storyboard */,
				0F61D57A1A89CB0A00FF96F0 /* Controllers */,
				0FEFE89B1A8A7B8C0062123D /* Models */,
				0F61D5711A89C7F000FF96F0 /* Other */,
				606B71781A894048004DDAB1 /* Images.xcassets */,
				606B717A1A894048004DDAB1 /* LaunchScreen.xib */,
				606B716B1A894047004DDAB1 /* Supporting Files */,
			);
			path = GNAR;
			sourceTree = "<group>";
		};
		606B716B1A894047004DDAB1 /* Supporting Files */ = {
			isa = PBXGroup;
			children = (
				606B716C1A894047004DDAB1 /* Info.plist */,
				606B716D1A894047004DDAB1 /* main.m */,
			);
			name = "Supporting Files";
			sourceTree = "<group>";
		};
		606B71841A894048004DDAB1 /* GNARTests */ = {
			isa = PBXGroup;
			children = (
				606B71871A894048004DDAB1 /* GNARTests.m */,
				606B71851A894048004DDAB1 /* Supporting Files */,
			);
			path = GNARTests;
			sourceTree = "<group>";
		};
		606B71851A894048004DDAB1 /* Supporting Files */ = {
			isa = PBXGroup;
			children = (
				606B71861A894048004DDAB1 /* Info.plist */,
			);
			name = "Supporting Files";
			sourceTree = "<group>";
		};
		60A1E8D31A8D1A9000CD2587 /* Tab Bar Controller */ = {
			isa = PBXGroup;
			children = (
				60A1E8D01A8D19E800CD2587 /* CustomTabBarController.h */,
				60A1E8D11A8D19E800CD2587 /* CustomTabBarController.m */,
			);
			name = "Tab Bar Controller";
			sourceTree = "<group>";
		};
/* End PBXGroup section */

/* Begin PBXNativeTarget section */
		606B71671A894047004DDAB1 /* GNAR */ = {
			isa = PBXNativeTarget;
			buildConfigurationList = 606B718B1A894048004DDAB1 /* Build configuration list for PBXNativeTarget "GNAR" */;
			buildPhases = (
				606B71641A894047004DDAB1 /* Sources */,
				606B71651A894047004DDAB1 /* Frameworks */,
				606B71661A894047004DDAB1 /* Resources */,
			);
			buildRules = (
			);
			dependencies = (
			);
			name = GNAR;
			productName = GNAR;
			productReference = 606B71681A894047004DDAB1 /* GNAR.app */;
			productType = "com.apple.product-type.application";
		};
		606B71801A894048004DDAB1 /* GNARTests */ = {
			isa = PBXNativeTarget;
			buildConfigurationList = 606B718E1A894048004DDAB1 /* Build configuration list for PBXNativeTarget "GNARTests" */;
			buildPhases = (
				606B717D1A894048004DDAB1 /* Sources */,
				606B717E1A894048004DDAB1 /* Frameworks */,
				606B717F1A894048004DDAB1 /* Resources */,
			);
			buildRules = (
			);
			dependencies = (
				606B71831A894048004DDAB1 /* PBXTargetDependency */,
			);
			name = GNARTests;
			productName = GNARTests;
			productReference = 606B71811A894048004DDAB1 /* GNARTests.xctest */;
			productType = "com.apple.product-type.bundle.unit-test";
		};
/* End PBXNativeTarget section */

/* Begin PBXProject section */
		606B71601A894047004DDAB1 /* Project object */ = {
			isa = PBXProject;
			attributes = {
				LastUpgradeCheck = 0610;
				ORGANIZATIONNAME = "Yi-Chin Sun";
				TargetAttributes = {
					606B71671A894047004DDAB1 = {
						CreatedOnToolsVersion = 6.1.1;
						DevelopmentTeam = 32C86W6J58;
					};
					606B71801A894048004DDAB1 = {
						CreatedOnToolsVersion = 6.1.1;
						TestTargetID = 606B71671A894047004DDAB1;
					};
				};
			};
			buildConfigurationList = 606B71631A894047004DDAB1 /* Build configuration list for PBXProject "GNAR" */;
			compatibilityVersion = "Xcode 3.2";
			developmentRegion = English;
			hasScannedForEncodings = 0;
			knownRegions = (
				en,
				Base,
			);
			mainGroup = 606B715F1A894047004DDAB1;
			productRefGroup = 606B71691A894047004DDAB1 /* Products */;
			projectDirPath = "";
			projectRoot = "";
			targets = (
				606B71671A894047004DDAB1 /* GNAR */,
				606B71801A894048004DDAB1 /* GNARTests */,
			);
		};
/* End PBXProject section */

/* Begin PBXResourcesBuildPhase section */
		606B71661A894047004DDAB1 /* Resources */ = {
			isa = PBXResourcesBuildPhase;
			buildActionMask = 2147483647;
			files = (
				606B717C1A894048004DDAB1 /* LaunchScreen.xib in Resources */,
				606B71791A894048004DDAB1 /* Images.xcassets in Resources */,
				0FEFE8A91A8A9F210062123D /* Main.storyboard in Resources */,
			);
			runOnlyForDeploymentPostprocessing = 0;
		};
		606B717F1A894048004DDAB1 /* Resources */ = {
			isa = PBXResourcesBuildPhase;
			buildActionMask = 2147483647;
			files = (
			);
			runOnlyForDeploymentPostprocessing = 0;
		};
/* End PBXResourcesBuildPhase section */

/* Begin PBXSourcesBuildPhase section */
		606B71641A894047004DDAB1 /* Sources */ = {
			isa = PBXSourcesBuildPhase;
			buildActionMask = 2147483647;
			files = (
				0FCD6E8E1A8F3F820074EB1C /* Enum.m in Sources */,
				0FA3EDEA1A8F05D900FDF764 /* SnowTableViewCell.m in Sources */,
				0FEFE8A41A8A7ED20062123D /* Game.m in Sources */,
				0F61D5781A89CABC00FF96F0 /* LoginViewController.m in Sources */,
				0FEFE8A11A8A7DB50062123D /* Achievement.m in Sources */,
				0FCF8ADB1A8BD276006224BB /* ParentTableViewCell.m in Sources */,
				60EA88301A8990B6004B6BF7 /* Comms.m in Sources */,
				0F61D57D1A89CE9700FF96F0 /* UserAchievementsViewController.m in Sources */,
				0F61D5751A89C96300FF96F0 /* LeaderboardViewController.m in Sources */,
				0F61D5871A89DBA800FF96F0 /* AddFriendsViewController.m in Sources */,
				0FEFE8AC1A8AC7460062123D /* Score.m in Sources */,
				0FCF8AE21A8BD298006224BB /* SubTableView.m in Sources */,
				0FA3EDF31A8F089F00FDF764 /* AddAchievementViewController.m in Sources */,
				0FEFE89A1A8A7B810062123D /* User.m in Sources */,
				0FCF8AE11A8BD298006224BB /* ExpandedContainer.m in Sources */,
				0FCF8ADC1A8BD276006224BB /* ParentTableView.m in Sources */,
				0FA3EDED1A8F061A00FDF764 /* ModifierTableViewCell.m in Sources */,
				606B71711A894047004DDAB1 /* AppDelegate.m in Sources */,
				0FA3EDF01A8F062400FDF764 /* PlayerTableViewCell.m in Sources */,
				0FA3EDE61A8F059200FDF764 /* InfoTableViewCell.m in Sources */,
				60A1E8D21A8D19E900CD2587 /* CustomTabBarController.m in Sources */,
				0F61D5801A89D04E00FF96F0 /* AchievementDetailViewController.m in Sources */,
				0F61D5831A89D12200FF96F0 /* HomeViewController.m in Sources */,
				0FCF8AE71A8BD2EE006224BB /* SubTableViewCell.m in Sources */,
				0F2EC8771A8F5D8E0013A6B2 /* AddPlayersViewController.m in Sources */,
				0FEFE8A71A8A897E0062123D /* AddGameTableViewController.m in Sources */,
				0F61D56E1A89C7A600FF96F0 /* GamesViewController.m in Sources */,
				60EA88331A89E66C004B6BF7 /* SignUpViewController.m in Sources */,
				0FEFE89E1A8A7C460062123D /* AchievementViewController.m in Sources */,
				60E5617E1A8EFA7200D81C48 /* AchievementDetailTableView.m in Sources */,
				606B716E1A894047004DDAB1 /* main.m in Sources */,
			);
			runOnlyForDeploymentPostprocessing = 0;
		};
		606B717D1A894048004DDAB1 /* Sources */ = {
			isa = PBXSourcesBuildPhase;
			buildActionMask = 2147483647;
			files = (
				606B71881A894048004DDAB1 /* GNARTests.m in Sources */,
			);
			runOnlyForDeploymentPostprocessing = 0;
		};
/* End PBXSourcesBuildPhase section */

/* Begin PBXTargetDependency section */
		606B71831A894048004DDAB1 /* PBXTargetDependency */ = {
			isa = PBXTargetDependency;
			target = 606B71671A894047004DDAB1 /* GNAR */;
			targetProxy = 606B71821A894048004DDAB1 /* PBXContainerItemProxy */;
		};
/* End PBXTargetDependency section */

/* Begin PBXVariantGroup section */
		606B717A1A894048004DDAB1 /* LaunchScreen.xib */ = {
			isa = PBXVariantGroup;
			children = (
				606B717B1A894048004DDAB1 /* Base */,
			);
			name = LaunchScreen.xib;
			sourceTree = "<group>";
		};
/* End PBXVariantGroup section */

/* Begin XCBuildConfiguration section */
		606B71891A894048004DDAB1 /* Debug */ = {
			isa = XCBuildConfiguration;
			buildSettings = {
				ALWAYS_SEARCH_USER_PATHS = NO;
				CLANG_CXX_LANGUAGE_STANDARD = "gnu++0x";
				CLANG_CXX_LIBRARY = "libc++";
				CLANG_ENABLE_MODULES = YES;
				CLANG_ENABLE_OBJC_ARC = YES;
				CLANG_WARN_BOOL_CONVERSION = YES;
				CLANG_WARN_CONSTANT_CONVERSION = YES;
				CLANG_WARN_DIRECT_OBJC_ISA_USAGE = YES_ERROR;
				CLANG_WARN_EMPTY_BODY = YES;
				CLANG_WARN_ENUM_CONVERSION = YES;
				CLANG_WARN_INT_CONVERSION = YES;
				CLANG_WARN_OBJC_ROOT_CLASS = YES_ERROR;
				CLANG_WARN_UNREACHABLE_CODE = YES;
				CLANG_WARN__DUPLICATE_METHOD_MATCH = YES;
				"CODE_SIGN_IDENTITY[sdk=iphoneos*]" = "iPhone Developer";
				COPY_PHASE_STRIP = NO;
				ENABLE_STRICT_OBJC_MSGSEND = YES;
				GCC_C_LANGUAGE_STANDARD = gnu99;
				GCC_DYNAMIC_NO_PIC = NO;
				GCC_OPTIMIZATION_LEVEL = 0;
				GCC_PREPROCESSOR_DEFINITIONS = (
					"DEBUG=1",
					"$(inherited)",
				);
				GCC_SYMBOLS_PRIVATE_EXTERN = NO;
				GCC_WARN_64_TO_32_BIT_CONVERSION = YES;
				GCC_WARN_ABOUT_RETURN_TYPE = YES_ERROR;
				GCC_WARN_UNDECLARED_SELECTOR = YES;
				GCC_WARN_UNINITIALIZED_AUTOS = YES_AGGRESSIVE;
				GCC_WARN_UNUSED_FUNCTION = YES;
				GCC_WARN_UNUSED_VARIABLE = YES;
				IPHONEOS_DEPLOYMENT_TARGET = 8.1;
				MTL_ENABLE_DEBUG_INFO = YES;
				ONLY_ACTIVE_ARCH = YES;
				SDKROOT = iphoneos;
			};
			name = Debug;
		};
		606B718A1A894048004DDAB1 /* Release */ = {
			isa = XCBuildConfiguration;
			buildSettings = {
				ALWAYS_SEARCH_USER_PATHS = NO;
				CLANG_CXX_LANGUAGE_STANDARD = "gnu++0x";
				CLANG_CXX_LIBRARY = "libc++";
				CLANG_ENABLE_MODULES = YES;
				CLANG_ENABLE_OBJC_ARC = YES;
				CLANG_WARN_BOOL_CONVERSION = YES;
				CLANG_WARN_CONSTANT_CONVERSION = YES;
				CLANG_WARN_DIRECT_OBJC_ISA_USAGE = YES_ERROR;
				CLANG_WARN_EMPTY_BODY = YES;
				CLANG_WARN_ENUM_CONVERSION = YES;
				CLANG_WARN_INT_CONVERSION = YES;
				CLANG_WARN_OBJC_ROOT_CLASS = YES_ERROR;
				CLANG_WARN_UNREACHABLE_CODE = YES;
				CLANG_WARN__DUPLICATE_METHOD_MATCH = YES;
				"CODE_SIGN_IDENTITY[sdk=iphoneos*]" = "iPhone Developer";
				COPY_PHASE_STRIP = YES;
				ENABLE_NS_ASSERTIONS = NO;
				ENABLE_STRICT_OBJC_MSGSEND = YES;
				GCC_C_LANGUAGE_STANDARD = gnu99;
				GCC_WARN_64_TO_32_BIT_CONVERSION = YES;
				GCC_WARN_ABOUT_RETURN_TYPE = YES_ERROR;
				GCC_WARN_UNDECLARED_SELECTOR = YES;
				GCC_WARN_UNINITIALIZED_AUTOS = YES_AGGRESSIVE;
				GCC_WARN_UNUSED_FUNCTION = YES;
				GCC_WARN_UNUSED_VARIABLE = YES;
				IPHONEOS_DEPLOYMENT_TARGET = 8.1;
				MTL_ENABLE_DEBUG_INFO = NO;
				SDKROOT = iphoneos;
				VALIDATE_PRODUCT = YES;
			};
			name = Release;
		};
		606B718C1A894048004DDAB1 /* Debug */ = {
			isa = XCBuildConfiguration;
			buildSettings = {
				ASSETCATALOG_COMPILER_APPICON_NAME = AppIcon;
				FRAMEWORK_SEARCH_PATHS = (
					"$(inherited)",
					"$(PROJECT_DIR)",
				);
				INFOPLIST_FILE = GNAR/Info.plist;
				LD_RUNPATH_SEARCH_PATHS = "$(inherited) @executable_path/Frameworks";
				PRODUCT_NAME = "$(TARGET_NAME)";
			};
			name = Debug;
		};
		606B718D1A894048004DDAB1 /* Release */ = {
			isa = XCBuildConfiguration;
			buildSettings = {
				ASSETCATALOG_COMPILER_APPICON_NAME = AppIcon;
				FRAMEWORK_SEARCH_PATHS = (
					"$(inherited)",
					"$(PROJECT_DIR)",
				);
				INFOPLIST_FILE = GNAR/Info.plist;
				LD_RUNPATH_SEARCH_PATHS = "$(inherited) @executable_path/Frameworks";
				PRODUCT_NAME = "$(TARGET_NAME)";
			};
			name = Release;
		};
		606B718F1A894048004DDAB1 /* Debug */ = {
			isa = XCBuildConfiguration;
			buildSettings = {
				BUNDLE_LOADER = "$(TEST_HOST)";
				FRAMEWORK_SEARCH_PATHS = (
					"$(SDKROOT)/Developer/Library/Frameworks",
					"$(inherited)",
				);
				GCC_PREPROCESSOR_DEFINITIONS = (
					"DEBUG=1",
					"$(inherited)",
				);
				INFOPLIST_FILE = GNARTests/Info.plist;
				LD_RUNPATH_SEARCH_PATHS = "$(inherited) @executable_path/Frameworks @loader_path/Frameworks";
				PRODUCT_NAME = "$(TARGET_NAME)";
				TEST_HOST = "$(BUILT_PRODUCTS_DIR)/GNAR.app/GNAR";
			};
			name = Debug;
		};
		606B71901A894048004DDAB1 /* Release */ = {
			isa = XCBuildConfiguration;
			buildSettings = {
				BUNDLE_LOADER = "$(TEST_HOST)";
				FRAMEWORK_SEARCH_PATHS = (
					"$(SDKROOT)/Developer/Library/Frameworks",
					"$(inherited)",
				);
				INFOPLIST_FILE = GNARTests/Info.plist;
				LD_RUNPATH_SEARCH_PATHS = "$(inherited) @executable_path/Frameworks @loader_path/Frameworks";
				PRODUCT_NAME = "$(TARGET_NAME)";
				TEST_HOST = "$(BUILT_PRODUCTS_DIR)/GNAR.app/GNAR";
			};
			name = Release;
		};
/* End XCBuildConfiguration section */

/* Begin XCConfigurationList section */
		606B71631A894047004DDAB1 /* Build configuration list for PBXProject "GNAR" */ = {
			isa = XCConfigurationList;
			buildConfigurations = (
				606B71891A894048004DDAB1 /* Debug */,
				606B718A1A894048004DDAB1 /* Release */,
			);
			defaultConfigurationIsVisible = 0;
			defaultConfigurationName = Release;
		};
		606B718B1A894048004DDAB1 /* Build configuration list for PBXNativeTarget "GNAR" */ = {
			isa = XCConfigurationList;
			buildConfigurations = (
				606B718C1A894048004DDAB1 /* Debug */,
				606B718D1A894048004DDAB1 /* Release */,
			);
			defaultConfigurationIsVisible = 0;
			defaultConfigurationName = Release;
		};
		606B718E1A894048004DDAB1 /* Build configuration list for PBXNativeTarget "GNARTests" */ = {
			isa = XCConfigurationList;
			buildConfigurations = (
				606B718F1A894048004DDAB1 /* Debug */,
				606B71901A894048004DDAB1 /* Release */,
			);
			defaultConfigurationIsVisible = 0;
			defaultConfigurationName = Release;
		};
/* End XCConfigurationList section */
	};
	rootObject = 606B71601A894047004DDAB1 /* Project object */;
}
